
Microsoft Visual Studio Solution File, Format Version 12.00
# Visual Studio Version 16
VisualStudioVersion = 16.0.30907.101
MinimumVisualStudioVersion = 10.0.40219.1
Project("{FAE04EC0-301F-11D3-BF4B-00C04F79EFBC}") = "Web", "Web\Web.csproj", "{CF390EF7-3A8F-41DF-923A-62127B132A58}"
EndProject
Project("{FAE04EC0-301F-11D3-BF4B-00C04F79EFBC}") = "Core", "Core\Core.csproj", "{4C0173EF-629D-4C54-96DE-8E81E3775558}"
EndProject
Project("{FAE04EC0-301F-11D3-BF4B-00C04F79EFBC}") = "API", "API\API.csproj", "{DD499BB4-BE72-4762-B11C-9FB16C685546}"
EndProject
Global
	GlobalSection(SolutionConfigurationPlatforms) = preSolution
		Debug|Any CPU = Debug|Any CPU
		Release|Any CPU = Release|Any CPU
	EndGlobalSection
	GlobalSection(ProjectConfigurationPlatforms) = postSolution
		{CF390EF7-3A8F-41DF-923A-62127B132A58}.Debug|Any CPU.ActiveCfg = Debug|Any CPU
		{CF390EF7-3A8F-41DF-923A-62127B132A58}.Debug|Any CPU.Build.0 = Debug|Any CPU
		{CF390EF7-3A8F-41DF-923A-62127B132A58}.Release|Any CPU.ActiveCfg = Release|Any CPU
		{CF390EF7-3A8F-41DF-923A-62127B132A58}.Release|Any CPU.Build.0 = Release|Any CPU
		{4C0173EF-629D-4C54-96DE-8E81E3775558}.Debug|Any CPU.ActiveCfg = Debug|Any CPU
		{4C0173EF-629D-4C54-96DE-8E81E3775558}.Debug|Any CPU.Build.0 = Debug|Any CPU
		{4C0173EF-629D-4C54-96DE-8E81E3775558}.Release|Any CPU.ActiveCfg = Release|Any CPU
		{4C0173EF-629D-4C54-96DE-8E81E3775558}.Release|Any CPU.Build.0 = Release|Any CPU
		{DD499BB4-BE72-4762-B11C-9FB16C685546}.Debug|Any CPU.ActiveCfg = Debug|Any CPU
		{DD499BB4-BE72-4762-B11C-9FB16C685546}.Debug|Any CPU.Build.0 = Debug|Any CPU
		{DD499BB4-BE72-4762-B11C-9FB16C685546}.Release|Any CPU.ActiveCfg = Release|Any CPU
		{DD499BB4-BE72-4762-B11C-9FB16C685546}.Release|Any CPU.Build.0 = Release|Any CPU
	EndGlobalSection
	GlobalSection(SolutionProperties) = preSolution
		HideSolutionNode = FALSE
	EndGlobalSection
	GlobalSection(ExtensibilityGlobals) = postSolution
		SolutionGuid = {F8AD4C71-290F-4416-88EC-D85C2A7A212C}
	EndGlobalSection
EndGlobal
